
Microsoft Visual Studio Solution File, Format Version 12.00
# Visual Studio Version 17
VisualStudioVersion = 17.4.33205.214
MinimumVisualStudioVersion = 10.0.40219.1
Project("{FAE04EC0-301F-11D3-BF4B-00C04F79EFBC}") = "SWProvincias_Belgrado", "SWProvincias_Belgrado\SWProvincias_Belgrado.csproj", "{BC89C981-AD51-4CBD-B102-A05ABA682387}"
EndProject
Project("{FAE04EC0-301F-11D3-BF4B-00C04F79EFBC}") = "SWAdventureWorks_Belgrado", "SWAdventureWorks_Belgrado\SWAdventureWorks_Belgrado.csproj", "{505D9AC5-3CD8-4C1D-B1ED-C3F80C56022C}"
EndProject
Global
	GlobalSection(SolutionConfigurationPlatforms) = preSolution
		Debug|Any CPU = Debug|Any CPU
		Release|Any CPU = Release|Any CPU
	EndGlobalSection
	GlobalSection(ProjectConfigurationPlatforms) = postSolution
		{BC89C981-AD51-4CBD-B102-A05ABA682387}.Debug|Any CPU.ActiveCfg = Debug|Any CPU
		{BC89C981-AD51-4CBD-B102-A05ABA682387}.Debug|Any CPU.Build.0 = Debug|Any CPU
		{BC89C981-AD51-4CBD-B102-A05ABA682387}.Release|Any CPU.ActiveCfg = Release|Any CPU
		{BC89C981-AD51-4CBD-B102-A05ABA682387}.Release|Any CPU.Build.0 = Release|Any CPU
		{505D9AC5-3CD8-4C1D-B1ED-C3F80C56022C}.Debug|Any CPU.ActiveCfg = Debug|Any CPU
		{505D9AC5-3CD8-4C1D-B1ED-C3F80C56022C}.Debug|Any CPU.Build.0 = Debug|Any CPU
		{505D9AC5-3CD8-4C1D-B1ED-C3F80C56022C}.Release|Any CPU.ActiveCfg = Release|Any CPU
		{505D9AC5-3CD8-4C1D-B1ED-C3F80C56022C}.Release|Any CPU.Build.0 = Release|Any CPU
	EndGlobalSection
	GlobalSection(SolutionProperties) = preSolution
		HideSolutionNode = FALSE
	EndGlobalSection
	GlobalSection(ExtensibilityGlobals) = postSolution
		SolutionGuid = {5C241326-ED0F-4C9B-A829-B77E8EB9437C}
	EndGlobalSection
EndGlobal
